
Microsoft Visual Studio Solution File, Format Version 12.00
# Visual Studio Version 17
VisualStudioVersion = 17.8.34316.72
MinimumVisualStudioVersion = 10.0.40219.1
Project("{FAE04EC0-301F-11D3-BF4B-00C04F79EFBC}") = "Tasks", "Tasks\Tasks.csproj", "{AC0CB14C-1364-40D6-8A0A-09602BC364A4}"
EndProject
Global
	GlobalSection(SolutionConfigurationPlatforms) = preSolution
		Debug|Any CPU = Debug|Any CPU
		Release|Any CPU = Release|Any CPU
	EndGlobalSection
	GlobalSection(ProjectConfigurationPlatforms) = postSolution
		{AC0CB14C-1364-40D6-8A0A-09602BC364A4}.Debug|Any CPU.ActiveCfg = Debug|Any CPU
		{AC0CB14C-1364-40D6-8A0A-09602BC364A4}.Debug|Any CPU.Build.0 = Debug|Any CPU
		{AC0CB14C-1364-40D6-8A0A-09602BC364A4}.Release|Any CPU.ActiveCfg = Release|Any CPU
		{AC0CB14C-1364-40D6-8A0A-09602BC364A4}.Release|Any CPU.Build.0 = Release|Any CPU
	EndGlobalSection
	GlobalSection(SolutionProperties) = preSolution
		HideSolutionNode = FALSE
	EndGlobalSection
	GlobalSection(ExtensibilityGlobals) = postSolution
		SolutionGuid = {D001426D-5177-41AE-8F99-FB901041D3DD}
	EndGlobalSection
EndGlobal
